
Microsoft Visual Studio Solution File, Format Version 12.00
# Visual Studio Version 16
VisualStudioVersion = 16.0.30907.101
MinimumVisualStudioVersion = 10.0.40219.1
Project("{2150E333-8FDC-42A3-9474-1A3956D46DE8}") = "Common", "Common", "{643E8606-6211-469C-9499-125EFF8A1D4E}"
EndProject
Project("{2150E333-8FDC-42A3-9474-1A3956D46DE8}") = "Services", "Services", "{54CD8DD4-9BB7-48FC-B23D-455CF0219B65}"
EndProject
Project("{2150E333-8FDC-42A3-9474-1A3956D46DE8}") = "UI", "UI", "{643021BF-BDAA-4596-89C7-B955F8943C47}"
EndProject
Project("{9A19103F-16F7-4668-BE54-9A1E7A4F7556}") = "WebStore.Domain", "Common\WebStore.Domain\WebStore.Domain.csproj", "{F2926468-1CC8-4A67-BB69-7C686693F0D2}"
EndProject
Project("{9A19103F-16F7-4668-BE54-9A1E7A4F7556}") = "WebStore.DAL", "Services\WebStore.DAL\WebStore.DAL.csproj", "{E3590BA4-911A-45B4-B7E3-D4F9EB2B3F03}"
EndProject
Project("{9A19103F-16F7-4668-BE54-9A1E7A4F7556}") = "WebStore", "UI\WebStore\WebStore.csproj", "{ABBC567C-E86F-4844-A08A-6AB780C3FFBD}"
EndProject
Project("{9A19103F-16F7-4668-BE54-9A1E7A4F7556}") = "WebStore.Interfaces", "Services\WebStore.Interfaces\WebStore.Interfaces.csproj", "{E200E799-147C-466E-9D0D-1195E972E422}"
EndProject
Project("{9A19103F-16F7-4668-BE54-9A1E7A4F7556}") = "WebStore.Services", "Services\WebStore.Services\WebStore.Services.csproj", "{ED493EB6-A811-4DD7-9986-08D4355C9375}"
EndProject
Project("{9A19103F-16F7-4668-BE54-9A1E7A4F7556}") = "WebStore.ServiceHosting", "Services\WebStore.ServiceHosting\WebStore.ServiceHosting.csproj", "{925D2421-073B-4CE6-9164-01392C71AEB6}"
EndProject
Project("{9A19103F-16F7-4668-BE54-9A1E7A4F7556}") = "WebStore.Clients", "Services\WebStore.Clients\WebStore.Clients.csproj", "{73A742B6-E38D-4186-A373-99B50A3930CC}"
EndProject
Project("{9A19103F-16F7-4668-BE54-9A1E7A4F7556}") = "WebStore_Console_UI", "UI\WebStore_Console_UI\WebStore_Console_UI.csproj", "{5E292D26-B8A9-41EE-AD1C-2CBB46F23710}"
EndProject
Project("{9A19103F-16F7-4668-BE54-9A1E7A4F7556}") = "WebStore.Logger", "Common\WebStore.Logger\WebStore.Logger.csproj", "{6A30EF9D-D31F-4767-B012-A05F0260DC20}"
EndProject
Project("{2150E333-8FDC-42A3-9474-1A3956D46DE8}") = "Tests", "Tests", "{C751DBC3-3964-4F78-915E-355E0CD5EA18}"
EndProject
Project("{9A19103F-16F7-4668-BE54-9A1E7A4F7556}") = "WebStore.Tests", "Tests\WebStore.Tests\WebStore.Tests.csproj", "{AB9B175F-B942-47DA-AC90-F8EAF4A5D19B}"
EndProject
Global
	GlobalSection(SolutionConfigurationPlatforms) = preSolution
		Debug|Any CPU = Debug|Any CPU
		Release|Any CPU = Release|Any CPU
	EndGlobalSection
	GlobalSection(ProjectConfigurationPlatforms) = postSolution
		{F2926468-1CC8-4A67-BB69-7C686693F0D2}.Debug|Any CPU.ActiveCfg = Debug|Any CPU
		{F2926468-1CC8-4A67-BB69-7C686693F0D2}.Debug|Any CPU.Build.0 = Debug|Any CPU
		{F2926468-1CC8-4A67-BB69-7C686693F0D2}.Release|Any CPU.ActiveCfg = Release|Any CPU
		{F2926468-1CC8-4A67-BB69-7C686693F0D2}.Release|Any CPU.Build.0 = Release|Any CPU
		{E3590BA4-911A-45B4-B7E3-D4F9EB2B3F03}.Debug|Any CPU.ActiveCfg = Debug|Any CPU
		{E3590BA4-911A-45B4-B7E3-D4F9EB2B3F03}.Debug|Any CPU.Build.0 = Debug|Any CPU
		{E3590BA4-911A-45B4-B7E3-D4F9EB2B3F03}.Release|Any CPU.ActiveCfg = Release|Any CPU
		{E3590BA4-911A-45B4-B7E3-D4F9EB2B3F03}.Release|Any CPU.Build.0 = Release|Any CPU
		{ABBC567C-E86F-4844-A08A-6AB780C3FFBD}.Debug|Any CPU.ActiveCfg = Debug|Any CPU
		{ABBC567C-E86F-4844-A08A-6AB780C3FFBD}.Debug|Any CPU.Build.0 = Debug|Any CPU
		{ABBC567C-E86F-4844-A08A-6AB780C3FFBD}.Release|Any CPU.ActiveCfg = Release|Any CPU
		{ABBC567C-E86F-4844-A08A-6AB780C3FFBD}.Release|Any CPU.Build.0 = Release|Any CPU
		{E200E799-147C-466E-9D0D-1195E972E422}.Debug|Any CPU.ActiveCfg = Debug|Any CPU
		{E200E799-147C-466E-9D0D-1195E972E422}.Debug|Any CPU.Build.0 = Debug|Any CPU
		{E200E799-147C-466E-9D0D-1195E972E422}.Release|Any CPU.ActiveCfg = Release|Any CPU
		{E200E799-147C-466E-9D0D-1195E972E422}.Release|Any CPU.Build.0 = Release|Any CPU
		{ED493EB6-A811-4DD7-9986-08D4355C9375}.Debug|Any CPU.ActiveCfg = Debug|Any CPU
		{ED493EB6-A811-4DD7-9986-08D4355C9375}.Debug|Any CPU.Build.0 = Debug|Any CPU
		{ED493EB6-A811-4DD7-9986-08D4355C9375}.Release|Any CPU.ActiveCfg = Release|Any CPU
		{ED493EB6-A811-4DD7-9986-08D4355C9375}.Release|Any CPU.Build.0 = Release|Any CPU
		{925D2421-073B-4CE6-9164-01392C71AEB6}.Debug|Any CPU.ActiveCfg = Debug|Any CPU
		{925D2421-073B-4CE6-9164-01392C71AEB6}.Debug|Any CPU.Build.0 = Debug|Any CPU
		{925D2421-073B-4CE6-9164-01392C71AEB6}.Release|Any CPU.ActiveCfg = Release|Any CPU
		{925D2421-073B-4CE6-9164-01392C71AEB6}.Release|Any CPU.Build.0 = Release|Any CPU
		{73A742B6-E38D-4186-A373-99B50A3930CC}.Debug|Any CPU.ActiveCfg = Debug|Any CPU
		{73A742B6-E38D-4186-A373-99B50A3930CC}.Debug|Any CPU.Build.0 = Debug|Any CPU
		{73A742B6-E38D-4186-A373-99B50A3930CC}.Release|Any CPU.ActiveCfg = Release|Any CPU
		{73A742B6-E38D-4186-A373-99B50A3930CC}.Release|Any CPU.Build.0 = Release|Any CPU
		{5E292D26-B8A9-41EE-AD1C-2CBB46F23710}.Debug|Any CPU.ActiveCfg = Debug|Any CPU
		{5E292D26-B8A9-41EE-AD1C-2CBB46F23710}.Debug|Any CPU.Build.0 = Debug|Any CPU
		{5E292D26-B8A9-41EE-AD1C-2CBB46F23710}.Release|Any CPU.ActiveCfg = Release|Any CPU
		{5E292D26-B8A9-41EE-AD1C-2CBB46F23710}.Release|Any CPU.Build.0 = Release|Any CPU
		{6A30EF9D-D31F-4767-B012-A05F0260DC20}.Debug|Any CPU.ActiveCfg = Debug|Any CPU
		{6A30EF9D-D31F-4767-B012-A05F0260DC20}.Debug|Any CPU.Build.0 = Debug|Any CPU
		{6A30EF9D-D31F-4767-B012-A05F0260DC20}.Release|Any CPU.ActiveCfg = Release|Any CPU
		{6A30EF9D-D31F-4767-B012-A05F0260DC20}.Release|Any CPU.Build.0 = Release|Any CPU
		{AB9B175F-B942-47DA-AC90-F8EAF4A5D19B}.Debug|Any CPU.ActiveCfg = Debug|Any CPU
		{AB9B175F-B942-47DA-AC90-F8EAF4A5D19B}.Debug|Any CPU.Build.0 = Debug|Any CPU
		{AB9B175F-B942-47DA-AC90-F8EAF4A5D19B}.Release|Any CPU.ActiveCfg = Release|Any CPU
		{AB9B175F-B942-47DA-AC90-F8EAF4A5D19B}.Release|Any CPU.Build.0 = Release|Any CPU
	EndGlobalSection
	GlobalSection(SolutionProperties) = preSolution
		HideSolutionNode = FALSE
	EndGlobalSection
	GlobalSection(NestedProjects) = preSolution
		{F2926468-1CC8-4A67-BB69-7C686693F0D2} = {643E8606-6211-469C-9499-125EFF8A1D4E}
		{E3590BA4-911A-45B4-B7E3-D4F9EB2B3F03} = {54CD8DD4-9BB7-48FC-B23D-455CF0219B65}
		{ABBC567C-E86F-4844-A08A-6AB780C3FFBD} = {643021BF-BDAA-4596-89C7-B955F8943C47}
		{E200E799-147C-466E-9D0D-1195E972E422} = {54CD8DD4-9BB7-48FC-B23D-455CF0219B65}
		{ED493EB6-A811-4DD7-9986-08D4355C9375} = {54CD8DD4-9BB7-48FC-B23D-455CF0219B65}
		{925D2421-073B-4CE6-9164-01392C71AEB6} = {54CD8DD4-9BB7-48FC-B23D-455CF0219B65}
		{73A742B6-E38D-4186-A373-99B50A3930CC} = {54CD8DD4-9BB7-48FC-B23D-455CF0219B65}
		{5E292D26-B8A9-41EE-AD1C-2CBB46F23710} = {643021BF-BDAA-4596-89C7-B955F8943C47}
		{6A30EF9D-D31F-4767-B012-A05F0260DC20} = {643E8606-6211-469C-9499-125EFF8A1D4E}
		{AB9B175F-B942-47DA-AC90-F8EAF4A5D19B} = {C751DBC3-3964-4F78-915E-355E0CD5EA18}
	EndGlobalSection
	GlobalSection(ExtensibilityGlobals) = postSolution
		SolutionGuid = {879A0950-A26B-48E3-BC6C-8A5A48C877A2}
	EndGlobalSection
EndGlobal
